# This file is automatically @generated by Poetry 1.5.1 and should not be changed by hand.

[[package]]
name = "black"
version = "23.3.0"
description = "The uncompromising code formatter."
optional = false
python-versions = ">=3.7"
files = [
    {file = "black-23.3.0-cp310-cp310-macosx_10_16_arm64.whl", hash = "sha256:0945e13506be58bf7db93ee5853243eb368ace1c08a24c65ce108986eac65915"},
    {file = "black-23.3.0-cp310-cp310-macosx_10_16_universal2.whl", hash = "sha256:67de8d0c209eb5b330cce2469503de11bca4085880d62f1628bd9972cc3366b9"},
    {file = "black-23.3.0-cp310-cp310-macosx_10_16_x86_64.whl", hash = "sha256:7c3eb7cea23904399866c55826b31c1f55bbcd3890ce22ff70466b907b6775c2"},
    {file = "black-23.3.0-cp310-cp310-manylinux_2_17_x86_64.manylinux2014_x86_64.whl", hash = "sha256:32daa9783106c28815d05b724238e30718f34155653d4d6e125dc7daec8e260c"},
    {file = "black-23.3.0-cp310-cp310-win_amd64.whl", hash = "sha256:35d1381d7a22cc5b2be2f72c7dfdae4072a3336060635718cc7e1ede24221d6c"},
    {file = "black-23.3.0-cp311-cp311-macosx_10_16_arm64.whl", hash = "sha256:a8a968125d0a6a404842fa1bf0b349a568634f856aa08ffaff40ae0dfa52e7c6"},
    {file = "black-23.3.0-cp311-cp311-macosx_10_16_universal2.whl", hash = "sha256:c7ab5790333c448903c4b721b59c0d80b11fe5e9803d8703e84dcb8da56fec1b"},
    {file = "black-23.3.0-cp311-cp311-macosx_10_16_x86_64.whl", hash = "sha256:a6f6886c9869d4daae2d1715ce34a19bbc4b95006d20ed785ca00fa03cba312d"},
    {file = "black-23.3.0-cp311-cp311-manylinux_2_17_x86_64.manylinux2014_x86_64.whl", hash = "sha256:6f3c333ea1dd6771b2d3777482429864f8e258899f6ff05826c3a4fcc5ce3f70"},
    {file = "black-23.3.0-cp311-cp311-win_amd64.whl", hash = "sha256:11c410f71b876f961d1de77b9699ad19f939094c3a677323f43d7a29855fe326"},
    {file = "black-23.3.0-cp37-cp37m-macosx_10_16_x86_64.whl", hash = "sha256:1d06691f1eb8de91cd1b322f21e3bfc9efe0c7ca1f0e1eb1db44ea367dff656b"},
    {file = "black-23.3.0-cp37-cp37m-manylinux_2_17_x86_64.manylinux2014_x86_64.whl", hash = "sha256:50cb33cac881766a5cd9913e10ff75b1e8eb71babf4c7104f2e9c52da1fb7de2"},
    {file = "black-23.3.0-cp37-cp37m-win_amd64.whl", hash = "sha256:e114420bf26b90d4b9daa597351337762b63039752bdf72bf361364c1aa05925"},
    {file = "black-23.3.0-cp38-cp38-macosx_10_16_arm64.whl", hash = "sha256:48f9d345675bb7fbc3dd85821b12487e1b9a75242028adad0333ce36ed2a6d27"},
    {file = "black-23.3.0-cp38-cp38-macosx_10_16_universal2.whl", hash = "sha256:714290490c18fb0126baa0fca0a54ee795f7502b44177e1ce7624ba1c00f2331"},
    {file = "black-23.3.0-cp38-cp38-macosx_10_16_x86_64.whl", hash = "sha256:064101748afa12ad2291c2b91c960be28b817c0c7eaa35bec09cc63aa56493c5"},
    {file = "black-23.3.0-cp38-cp38-manylinux_2_17_x86_64.manylinux2014_x86_64.whl", hash = "sha256:562bd3a70495facf56814293149e51aa1be9931567474993c7942ff7d3533961"},
    {file = "black-23.3.0-cp38-cp38-win_amd64.whl", hash = "sha256:e198cf27888ad6f4ff331ca1c48ffc038848ea9f031a3b40ba36aced7e22f2c8"},
    {file = "black-23.3.0-cp39-cp39-macosx_10_16_arm64.whl", hash = "sha256:3238f2aacf827d18d26db07524e44741233ae09a584273aa059066d644ca7b30"},
    {file = "black-23.3.0-cp39-cp39-macosx_10_16_universal2.whl", hash = "sha256:f0bd2f4a58d6666500542b26354978218a9babcdc972722f4bf90779524515f3"},
    {file = "black-23.3.0-cp39-cp39-macosx_10_16_x86_64.whl", hash = "sha256:92c543f6854c28a3c7f39f4d9b7694f9a6eb9d3c5e2ece488c327b6e7ea9b266"},
    {file = "black-23.3.0-cp39-cp39-manylinux_2_17_x86_64.manylinux2014_x86_64.whl", hash = "sha256:3a150542a204124ed00683f0db1f5cf1c2aaaa9cc3495b7a3b5976fb136090ab"},
    {file = "black-23.3.0-cp39-cp39-win_amd64.whl", hash = "sha256:6b39abdfb402002b8a7d030ccc85cf5afff64ee90fa4c5aebc531e3ad0175ddb"},
    {file = "black-23.3.0-py3-none-any.whl", hash = "sha256:ec751418022185b0c1bb7d7736e6933d40bbb14c14a0abcf9123d1b159f98dd4"},
    {file = "black-23.3.0.tar.gz", hash = "sha256:1c7b8d606e728a41ea1ccbd7264677e494e87cf630e399262ced92d4a8dac940"},
]

[package.dependencies]
click = ">=8.0.0"
mypy-extensions = ">=0.4.3"
packaging = ">=22.0"
pathspec = ">=0.9.0"
platformdirs = ">=2"
tomli = {version = ">=1.1.0", markers = "python_version < \"3.11\""}

[package.extras]
colorama = ["colorama (>=0.4.3)"]
d = ["aiohttp (>=3.7.4)"]
jupyter = ["ipython (>=7.8.0)", "tokenize-rt (>=3.2.0)"]
uvloop = ["uvloop (>=0.15.2)"]

[[package]]
name = "click"
version = "8.1.3"
description = "Composable command line interface toolkit"
optional = false
python-versions = ">=3.7"
files = [
    {file = "click-8.1.3-py3-none-any.whl", hash = "sha256:bb4d8133cb15a609f44e8213d9b391b0809795062913b383c62be0ee95b1db48"},
    {file = "click-8.1.3.tar.gz", hash = "sha256:7682dc8afb30297001674575ea00d1814d808d6a36af415a82bd481d37ba7b8e"},
]

[package.dependencies]
colorama = {version = "*", markers = "platform_system == \"Windows\""}

[[package]]
name = "colorama"
version = "0.4.6"
description = "Cross-platform colored terminal text."
optional = false
python-versions = "!=3.0.*,!=3.1.*,!=3.2.*,!=3.3.*,!=3.4.*,!=3.5.*,!=3.6.*,>=2.7"
files = [
    {file = "colorama-0.4.6-py2.py3-none-any.whl", hash = "sha256:4f1d9991f5acc0ca119f9d443620b77f9d6b33703e51011c16baf57afb285fc6"},
    {file = "colorama-0.4.6.tar.gz", hash = "sha256:08695f5cb7ed6e0531a20572697297273c47b8cae5a63ffc6d6ed5c201be6e44"},
]

[[package]]
name = "flake8"
version = "6.0.0"
description = "the modular source code checker: pep8 pyflakes and co"
optional = false
python-versions = ">=3.8.1"
files = [
    {file = "flake8-6.0.0-py2.py3-none-any.whl", hash = "sha256:3833794e27ff64ea4e9cf5d410082a8b97ff1a06c16aa3d2027339cd0f1195c7"},
    {file = "flake8-6.0.0.tar.gz", hash = "sha256:c61007e76655af75e6785a931f452915b371dc48f56efd765247c8fe68f2b181"},
]

[package.dependencies]
mccabe = ">=0.7.0,<0.8.0"
pycodestyle = ">=2.10.0,<2.11.0"
pyflakes = ">=3.0.0,<3.1.0"

[[package]]
name = "mccabe"
version = "0.7.0"
description = "McCabe checker, plugin for flake8"
optional = false
python-versions = ">=3.6"
files = [
    {file = "mccabe-0.7.0-py2.py3-none-any.whl", hash = "sha256:6c2d30ab6be0e4a46919781807b4f0d834ebdd6c6e3dca0bda5a15f863427b6e"},
    {file = "mccabe-0.7.0.tar.gz", hash = "sha256:348e0240c33b60bbdf4e523192ef919f28cb2c3d7d5c7794f74009290f236325"},
]

[[package]]
name = "mmh3"
version = "4.0.0"
description = "Python extension for MurmurHash (MurmurHash3), a set of fast and robust hash functions."
optional = false
python-versions = "*"
files = [
    {file = "mmh3-4.0.0-cp310-cp310-macosx_10_9_universal2.whl", hash = "sha256:214ae1ab976401b3fd8da2a3828d1520d31592efacab63f90c222a0e69ad68cf"},
    {file = "mmh3-4.0.0-cp310-cp310-macosx_10_9_x86_64.whl", hash = "sha256:6ab345fba03d94cd08494a60c244085fb800645881639795b9390900672ee1c4"},
    {file = "mmh3-4.0.0-cp310-cp310-macosx_11_0_arm64.whl", hash = "sha256:072d449ed3769b7faff5ce7fe05323d2602834f03dfc3969dcedb183b1d902ec"},
    {file = "mmh3-4.0.0-cp310-cp310-manylinux_2_17_aarch64.manylinux2014_aarch64.whl", hash = "sha256:4e78c400595fb10c5ba46bd2386a0f1b2d5345c09d391882f96a27b4cf8bfc84"},
    {file = "mmh3-4.0.0-cp310-cp310-manylinux_2_17_ppc64le.manylinux2014_ppc64le.whl", hash = "sha256:ec5c0e0f4be15d73d2ff8d00212c67fcd4f36bca4b43e3c940c545341805dd22"},
    {file = "mmh3-4.0.0-cp310-cp310-manylinux_2_17_s390x.manylinux2014_s390x.whl", hash = "sha256:006ac0d3fe9cbc2855f63491ac3ce77290cedb6adf147d9bf803eb4097f765a5"},
    {file = "mmh3-4.0.0-cp310-cp310-manylinux_2_5_i686.manylinux1_i686.manylinux_2_17_i686.manylinux2014_i686.whl", hash = "sha256:3dceabcf98a3c5c9a137a81c7e2f8cb9b438c1b1da6d8c4d7ec8ca9df52cdd3c"},
    {file = "mmh3-4.0.0-cp310-cp310-manylinux_2_5_x86_64.manylinux1_x86_64.manylinux_2_17_x86_64.manylinux2014_x86_64.whl", hash = "sha256:ba8734f408a08822b2597a70a58549fd84a7afd86a18839ae1bb0bc9b9d2b816"},
    {file = "mmh3-4.0.0-cp310-cp310-musllinux_1_1_aarch64.whl", hash = "sha256:d2c2642101105a36db0f936f137cd27bdc75335739e06d0d172d1ece907cb99e"},
    {file = "mmh3-4.0.0-cp310-cp310-musllinux_1_1_i686.whl", hash = "sha256:7754d661e8dd855b7950cb94f33db45ee53f12bc271eb376d5a8c84c4c039ad4"},
    {file = "mmh3-4.0.0-cp310-cp310-musllinux_1_1_ppc64le.whl", hash = "sha256:2c73a503ab4297b4a2125eeda50b28bcd7eb8a6eef7b52e2a4a4c810267d0076"},
    {file = "mmh3-4.0.0-cp310-cp310-musllinux_1_1_s390x.whl", hash = "sha256:6dd94d8650576b1395640dfa62f49aa5bdead7200a655efee215b4a9c78f4882"},
    {file = "mmh3-4.0.0-cp310-cp310-musllinux_1_1_x86_64.whl", hash = "sha256:496e39cc349630294fbf39db7571d5833e9e779df90fc0cc1f652c2f1df7b1c1"},
    {file = "mmh3-4.0.0-cp310-cp310-win32.whl", hash = "sha256:4333668e3ddadd1795c223b44376f18b22fec205fd9604ae7b8e7ab3cdf12ce0"},
    {file = "mmh3-4.0.0-cp310-cp310-win_amd64.whl", hash = "sha256:c6af081268d05a645c9195968baf901d1a70f64e05586c9393f744ce0943a6d8"},
    {file = "mmh3-4.0.0-cp310-cp310-win_arm64.whl", hash = "sha256:14e835ea27fe36bf9fe584dbd2063c9c3c68e3bb3d11c41c5922bf5b9759b2e0"},
    {file = "mmh3-4.0.0-cp311-cp311-macosx_10_9_universal2.whl", hash = "sha256:dfbd7db8ed8ce8ab0cb1dee1a25f15a900c9e66ef12004ab593984a51ba36fae"},
    {file = "mmh3-4.0.0-cp311-cp311-macosx_10_9_x86_64.whl", hash = "sha256:7e39f5aa5ce2cda81f1f5856092bdb8e9263cb021990c1aede92c31c84a593ef"},
    {file = "mmh3-4.0.0-cp311-cp311-macosx_11_0_arm64.whl", hash = "sha256:646eb838998f60eea6fbcfde8ddef1081c4a10a30c09400ee2ec57a789cafb9b"},
    {file = "mmh3-4.0.0-cp311-cp311-manylinux_2_17_aarch64.manylinux2014_aarch64.whl", hash = "sha256:b895044e24b845e75af3cb6ec3cd7ae88fa87ffcba93f2bfed3ae0c226d4a2e5"},
    {file = "mmh3-4.0.0-cp311-cp311-manylinux_2_17_ppc64le.manylinux2014_ppc64le.whl", hash = "sha256:cd912d31aa5e2327342777f8b9cde8b82adc3525fd7fa535a2b7b76789f4162a"},
    {file = "mmh3-4.0.0-cp311-cp311-manylinux_2_17_s390x.manylinux2014_s390x.whl", hash = "sha256:6a0323dfd7609634867e5fb23cf21f96c36792b558d88af73fdbc97e3440ea79"},
    {file = "mmh3-4.0.0-cp311-cp311-manylinux_2_5_i686.manylinux1_i686.manylinux_2_17_i686.manylinux2014_i686.whl", hash = "sha256:2107a8de64e79d7b532ae9844e8ce79ff3284d5b6661b0566e5511cf11c6efca"},
    {file = "mmh3-4.0.0-cp311-cp311-manylinux_2_5_x86_64.manylinux1_x86_64.manylinux_2_17_x86_64.manylinux2014_x86_64.whl", hash = "sha256:a1c6e9e87c4ee08b60c5b5f967ac82777974b2aa0df5ef6f574c66a775231470"},
    {file = "mmh3-4.0.0-cp311-cp311-musllinux_1_1_aarch64.whl", hash = "sha256:54064f72545c187150edbbf2e6c5c39017797d851f99aee3726ce5dc26d786f2"},
    {file = "mmh3-4.0.0-cp311-cp311-musllinux_1_1_i686.whl", hash = "sha256:1a9e6244923549e23d4b88c36d144d326092e0d33b802295d04c76e5dde567f4"},
    {file = "mmh3-4.0.0-cp311-cp311-musllinux_1_1_ppc64le.whl", hash = "sha256:087ee4a8c6dbfb4f356aaf32879846ad13e92894201f4d221a087fbb8857ec9a"},
    {file = "mmh3-4.0.0-cp311-cp311-musllinux_1_1_s390x.whl", hash = "sha256:e6e5e4f543bf798161321deb186723a4ef530e7f216ea4c153e525f63c78fc78"},
    {file = "mmh3-4.0.0-cp311-cp311-musllinux_1_1_x86_64.whl", hash = "sha256:df22bd073107fe20006f9197ba29579e915a9a89142ef65130939aa0136c78e7"},
    {file = "mmh3-4.0.0-cp311-cp311-win32.whl", hash = "sha256:f4ec497d5926842a45f235d1eda03ef2cc10e4ccb0738bbe828837817f0fbbfd"},
    {file = "mmh3-4.0.0-cp311-cp311-win_amd64.whl", hash = "sha256:a32c815f4d32bcbf71147b9109904e34f33716bed344955d13983026dc8568e0"},
    {file = "mmh3-4.0.0-cp311-cp311-win_arm64.whl", hash = "sha256:72706beb124293b58968881ce3d59f678538c4dec3977c4edd9a9db402ad4486"},
    {file = "mmh3-4.0.0-cp38-cp38-macosx_10_9_universal2.whl", hash = "sha256:86a8f5af47b78fd5e70e4d48c6da0a04492ab267780ff87e62ddfae5260c3443"},
    {file = "mmh3-4.0.0-cp38-cp38-macosx_10_9_x86_64.whl", hash = "sha256:285751d7e9a98ea842186240ad7a1ca33f0ffa6c0c7e6e3511ac094f8b4b289d"},
    {file = "mmh3-4.0.0-cp38-cp38-macosx_11_0_arm64.whl", hash = "sha256:8a334ce72e7b1602a951ae24453c087f0729049281954f57c2bbc3a3eddee4bb"},
    {file = "mmh3-4.0.0-cp38-cp38-manylinux_2_17_aarch64.manylinux2014_aarch64.whl", hash = "sha256:5638d5d26f7bf1bd79233e5140303ac47c506d51d86f67595ee851f2d49fa480"},
    {file = "mmh3-4.0.0-cp38-cp38-manylinux_2_17_ppc64le.manylinux2014_ppc64le.whl", hash = "sha256:1755485dc411336c429824258f2fe1a2f53fad2ba1481e922111312d0a698cf4"},
    {file = "mmh3-4.0.0-cp38-cp38-manylinux_2_17_s390x.manylinux2014_s390x.whl", hash = "sha256:82a7f6089c37b83c5209fec02492418222e0051f09f27bc7fce9d49ee36603cd"},
    {file = "mmh3-4.0.0-cp38-cp38-manylinux_2_5_i686.manylinux1_i686.manylinux_2_17_i686.manylinux2014_i686.whl", hash = "sha256:1e5cf444ce11571d0cf65516255b119d3dd733f86120e0acf7371363c97e396d"},
    {file = "mmh3-4.0.0-cp38-cp38-manylinux_2_5_x86_64.manylinux1_x86_64.manylinux_2_17_x86_64.manylinux2014_x86_64.whl", hash = "sha256:1ca5f2ad2af9decee4f9a3c91a823bf71c4f634ff400b829c648c0dc5cd7503f"},
    {file = "mmh3-4.0.0-cp38-cp38-musllinux_1_1_aarch64.whl", hash = "sha256:4c4d482434edf2581ae6bdaf99840791938b089acef56832d13f91e81745bff1"},
    {file = "mmh3-4.0.0-cp38-cp38-musllinux_1_1_i686.whl", hash = "sha256:5a14c10d50526ee91ca474780f029b97d78fd9bb47ae9c248b8cb1a964525f8f"},
    {file = "mmh3-4.0.0-cp38-cp38-musllinux_1_1_ppc64le.whl", hash = "sha256:e08ebbdfa008f5d957e69031ab625f7d22313fdff14f845d213ab06f585846e4"},
    {file = "mmh3-4.0.0-cp38-cp38-musllinux_1_1_s390x.whl", hash = "sha256:2cc0e1872acff360e95f8e3768b5f1777a1ebc700caf88a8a22adb153d24b9fa"},
    {file = "mmh3-4.0.0-cp38-cp38-musllinux_1_1_x86_64.whl", hash = "sha256:2070b169a8b82ad4dcbc6c34fcfd538428322e1f2db5dce349023aad2ba0dc94"},
    {file = "mmh3-4.0.0-cp38-cp38-win32.whl", hash = "sha256:e390c820a31146c73b0cb60da65906a866d4fe43b4688cc3cdf5f33c423d09a1"},
    {file = "mmh3-4.0.0-cp38-cp38-win_amd64.whl", hash = "sha256:55ac731333b5e0e9f93ad56cab95b05ef1621a5a87568e36ec17dc9dd761abbe"},
    {file = "mmh3-4.0.0-cp39-cp39-macosx_10_9_universal2.whl", hash = "sha256:9f069b5421b6d2ac24dd1928788f986cb5393baeca8d758838946e3546a1a723"},
    {file = "mmh3-4.0.0-cp39-cp39-macosx_10_9_x86_64.whl", hash = "sha256:363a9a4342aa93d524b01336a646da4b20fb52b22b883d7a4a173f4b4e015451"},
    {file = "mmh3-4.0.0-cp39-cp39-macosx_11_0_arm64.whl", hash = "sha256:453fff6505db5f3c2e2ee562744b8de49a58f83a609f178a1d3238036fbb4a72"},
    {file = "mmh3-4.0.0-cp39-cp39-manylinux_2_17_aarch64.manylinux2014_aarch64.whl", hash = "sha256:8397bb38314ba93f9c87e7feb724d093a3b3df566dccab9d088e18792c8ad6fd"},
    {file = "mmh3-4.0.0-cp39-cp39-manylinux_2_17_ppc64le.manylinux2014_ppc64le.whl", hash = "sha256:130801c630768b39c0c115b4df1ba649318179a47981cbdd7171c8f78cfe1e4b"},
    {file = "mmh3-4.0.0-cp39-cp39-manylinux_2_17_s390x.manylinux2014_s390x.whl", hash = "sha256:0ad9a741871550ecb7217449e423806f8e6e76c6fe90383992c8db15cb55e9d9"},
    {file = "mmh3-4.0.0-cp39-cp39-manylinux_2_5_i686.manylinux1_i686.manylinux_2_17_i686.manylinux2014_i686.whl", hash = "sha256:07a7447cbfcaa269d8f8c64dd12924fe523f0ac04135428a1f327d769fa9b1a4"},
    {file = "mmh3-4.0.0-cp39-cp39-manylinux_2_5_x86_64.manylinux1_x86_64.manylinux_2_17_x86_64.manylinux2014_x86_64.whl", hash = "sha256:95d03f341ce11ee9f325af910bc588dda519f4b15b60abab72ea286a6aad572b"},
    {file = "mmh3-4.0.0-cp39-cp39-musllinux_1_1_aarch64.whl", hash = "sha256:2cff9758d6b0f7f00d805e9d1d019e8b7f4da4b56795843e0339633fd67bc3a4"},
    {file = "mmh3-4.0.0-cp39-cp39-musllinux_1_1_i686.whl", hash = "sha256:28c182fcb472bb102bb6f8f92bcc268be469220e8ba6dca383860e494a91671f"},
    {file = "mmh3-4.0.0-cp39-cp39-musllinux_1_1_ppc64le.whl", hash = "sha256:b52775bffc0463e32cddaea76afd61a992b15091fe1955418b44cb7b87a7aea9"},
    {file = "mmh3-4.0.0-cp39-cp39-musllinux_1_1_s390x.whl", hash = "sha256:ec8ba7a8357a33af6c41a29a3015f796643e998a1a33d95cb773efc98ae669d2"},
    {file = "mmh3-4.0.0-cp39-cp39-musllinux_1_1_x86_64.whl", hash = "sha256:129f2c948ce8b884ddcad0f755a8b3245302eb06c3de1b4aa9a45b643c63ca04"},
    {file = "mmh3-4.0.0-cp39-cp39-win32.whl", hash = "sha256:a373025a487295c9e6cbf86159665f49963077d39a843707519c678f7e6791a2"},
    {file = "mmh3-4.0.0-cp39-cp39-win_amd64.whl", hash = "sha256:5790d3bf330a6be8bea19fcc03965a5cf6c9a37021ecf9202e54ed7c3d33bd23"},
    {file = "mmh3-4.0.0-cp39-cp39-win_arm64.whl", hash = "sha256:2a2db279f0c97619a6d3cc291168cc47a3cbd73cf1767a058e5cc765252260a1"},
    {file = "mmh3-4.0.0.tar.gz", hash = "sha256:056b83d04e595547d0407cc8e5aa5d8ba8802a8afa417b64c1c30235b5389e30"},
]

[package.extras]
test = ["mypy (>=1.0)", "pytest (>=7.0.0)"]

[[package]]
name = "mypy-extensions"
version = "1.0.0"
description = "Type system extensions for programs checked with the mypy type checker."
optional = false
python-versions = ">=3.5"
files = [
    {file = "mypy_extensions-1.0.0-py3-none-any.whl", hash = "sha256:4392f6c0eb8a5668a69e23d168ffa70f0be9ccfd32b5cc2d26a34ae5b844552d"},
    {file = "mypy_extensions-1.0.0.tar.gz", hash = "sha256:75dbf8955dc00442a438fc4d0666508a9a97b6bd41aa2f0ffe9d2f2725af0782"},
]

[[package]]
name = "packaging"
version = "23.1"
description = "Core utilities for Python packages"
optional = false
python-versions = ">=3.7"
files = [
    {file = "packaging-23.1-py3-none-any.whl", hash = "sha256:994793af429502c4ea2ebf6bf664629d07c1a9fe974af92966e4b8d2df7edc61"},
    {file = "packaging-23.1.tar.gz", hash = "sha256:a392980d2b6cffa644431898be54b0045151319d1e7ec34f0cfed48767dd334f"},
]

[[package]]
name = "pathspec"
version = "0.11.1"
description = "Utility library for gitignore style pattern matching of file paths."
optional = false
python-versions = ">=3.7"
files = [
    {file = "pathspec-0.11.1-py3-none-any.whl", hash = "sha256:d8af70af76652554bd134c22b3e8a1cc46ed7d91edcdd721ef1a0c51a84a5293"},
    {file = "pathspec-0.11.1.tar.gz", hash = "sha256:2798de800fa92780e33acca925945e9a19a133b715067cf165b8866c15a31687"},
]

[[package]]
name = "platformdirs"
version = "3.8.0"
description = "A small Python package for determining appropriate platform-specific dirs, e.g. a \"user data dir\"."
optional = false
python-versions = ">=3.7"
files = [
    {file = "platformdirs-3.8.0-py3-none-any.whl", hash = "sha256:ca9ed98ce73076ba72e092b23d3c93ea6c4e186b3f1c3dad6edd98ff6ffcca2e"},
    {file = "platformdirs-3.8.0.tar.gz", hash = "sha256:b0cabcb11063d21a0b261d557acb0a9d2126350e63b70cdf7db6347baea456dc"},
]

[package.extras]
docs = ["furo (>=2023.5.20)", "proselint (>=0.13)", "sphinx (>=7.0.1)", "sphinx-autodoc-typehints (>=1.23,!=1.23.4)"]
test = ["appdirs (==1.4.4)", "covdefaults (>=2.3)", "pytest (>=7.3.1)", "pytest-cov (>=4.1)", "pytest-mock (>=3.10)"]

[[package]]
name = "pycodestyle"
version = "2.10.0"
description = "Python style guide checker"
optional = false
python-versions = ">=3.6"
files = [
    {file = "pycodestyle-2.10.0-py2.py3-none-any.whl", hash = "sha256:8a4eaf0d0495c7395bdab3589ac2db602797d76207242c17d470186815706610"},
    {file = "pycodestyle-2.10.0.tar.gz", hash = "sha256:347187bdb476329d98f695c213d7295a846d1152ff4fe9bacb8a9590b8ee7053"},
]

[[package]]
name = "pyflakes"
version = "3.0.1"
description = "passive checker of Python programs"
optional = false
python-versions = ">=3.6"
files = [
    {file = "pyflakes-3.0.1-py2.py3-none-any.whl", hash = "sha256:ec55bf7fe21fff7f1ad2f7da62363d749e2a470500eab1b555334b67aa1ef8cf"},
    {file = "pyflakes-3.0.1.tar.gz", hash = "sha256:ec8b276a6b60bd80defed25add7e439881c19e64850afd9b346283d4165fd0fd"},
]

[[package]]
name = "pyroaring"
version = "0.4.2"
description = "Fast and lightweight set for unsigned 32 bits integers."
optional = false
python-versions = "*"
files = [
    {file = "pyroaring-0.4.2-cp310-cp310-macosx_10_9_universal2.whl", hash = "sha256:74288ac8a9047cbb6f22844205f9b93958c726c32b5d439228fa33bf48a84a43"},
    {file = "pyroaring-0.4.2-cp310-cp310-macosx_10_9_x86_64.whl", hash = "sha256:d734d8eb241a7e5150550295693fe9504d13da826e664cc1e6d7be501f772dc7"},
    {file = "pyroaring-0.4.2-cp310-cp310-macosx_11_0_arm64.whl", hash = "sha256:bbfc4f7deeab87949ddf76fcde839d128af6a555817e62d612f07eae50146e5f"},
    {file = "pyroaring-0.4.2-cp310-cp310-manylinux_2_17_aarch64.manylinux2014_aarch64.whl", hash = "sha256:e11b9377dfe2210bedb7b2fec326fe6aec0fce49586e123994211f0db26a2c15"},
    {file = "pyroaring-0.4.2-cp310-cp310-manylinux_2_17_x86_64.manylinux2014_x86_64.whl", hash = "sha256:52bbdebc95a495b97ab6fc63f732da86c8507d712dd8ca04ea56b49a491728af"},
    {file = "pyroaring-0.4.2-cp310-cp310-musllinux_1_1_aarch64.whl", hash = "sha256:62ad61eb78c4ff51e7f18af5fecf48786abe5e7fed03bc64db0389a34c9d5b4f"},
    {file = "pyroaring-0.4.2-cp310-cp310-musllinux_1_1_x86_64.whl", hash = "sha256:21f612e70c5c163ad645b8063433d7fd88d2234052abbc8967a53dee28817252"},
    {file = "pyroaring-0.4.2-cp310-cp310-win_amd64.whl", hash = "sha256:90b1abe156041e0c4552f0f26aeb6aea2a892963b630c6fa43bb68fdaa2ceb13"},
    {file = "pyroaring-0.4.2-cp310-cp310-win_arm64.whl", hash = "sha256:2bd07ad2e0ecfae1a511accf9024b183e77094b63edbf2d55d2f4f026d82f46a"},
    {file = "pyroaring-0.4.2-cp311-cp311-macosx_10_9_universal2.whl", hash = "sha256:3baa248995e87e79786b18bf7515a53ead580ffd13d057dbe2bfd8c220b58d49"},
    {file = "pyroaring-0.4.2-cp311-cp311-macosx_10_9_x86_64.whl", hash = "sha256:852cf50970ef97a07e8361741904289a2180e9ef5bb0404489764dd34509e88d"},
    {file = "pyroaring-0.4.2-cp311-cp311-macosx_11_0_arm64.whl", hash = "sha256:780966c3bfbcfa8af26181dfca82ebc87b93a10faf401f7bb047a28fbd61ab05"},
    {file = "pyroaring-0.4.2-cp311-cp311-manylinux_2_17_aarch64.manylinux2014_aarch64.whl", hash = "sha256:ee07453829ea2f3219e12589e8aaab8cfdc21a49e4eacf8a8e2cc5ddd5a8741f"},
    {file = "pyroaring-0.4.2-cp311-cp311-manylinux_2_17_x86_64.manylinux2014_x86_64.whl", hash = "sha256:68a62dd2992ecb708f1699c37b53780bf96254a84bfa83495060cd7672f3d01c"},
    {file = "pyroaring-0.4.2-cp311-cp311-musllinux_1_1_aarch64.whl", hash = "sha256:fe92529a4721baac7a02368ba32f65baa08332c57eb9aca4dde90ee0b7051bf5"},
    {file = "pyroaring-0.4.2-cp311-cp311-musllinux_1_1_x86_64.whl", hash = "sha256:7f641f591c330644fd2c27be675a12f1f6001066168fee7d5acbd0ac3bdd74ea"},
    {file = "pyroaring-0.4.2-cp311-cp311-win_amd64.whl", hash = "sha256:0f61bad273b90c14424b3d1f376bab98ba1fe1e30f610d7a82a53cda15247951"},
    {file = "pyroaring-0.4.2-cp311-cp311-win_arm64.whl", hash = "sha256:5e8a2ee90064bbb5e3d2a6fe52b297e9b10b686f6372f9e71331e1547d356c50"},
    {file = "pyroaring-0.4.2-cp37-cp37m-macosx_10_9_x86_64.whl", hash = "sha256:3c94e8693008aaad3190b6ff65eac00ae7838755919146eccb160f7f04bdca37"},
    {file = "pyroaring-0.4.2-cp37-cp37m-manylinux_2_17_aarch64.manylinux2014_aarch64.whl", hash = "sha256:4efa0d282eb236bb8bad1212242f62d4449e3270cead3e722b93462df5a3ffd3"},
    {file = "pyroaring-0.4.2-cp37-cp37m-manylinux_2_17_x86_64.manylinux2014_x86_64.whl", hash = "sha256:d974b01bf598893a08e25f0260752fe91386f144fc5fc2eb26b41ca8ce5971bc"},
    {file = "pyroaring-0.4.2-cp37-cp37m-musllinux_1_1_aarch64.whl", hash = "sha256:68f9d7ff77af6112b69440988d77b3e8a74133d77a2f971a1024f74359533f91"},
    {file = "pyroaring-0.4.2-cp37-cp37m-musllinux_1_1_x86_64.whl", hash = "sha256:73d68655e799658cafac6456ff1b4f10705e40ae76c16676f511353633633da8"},
    {file = "pyroaring-0.4.2-cp37-cp37m-win_amd64.whl", hash = "sha256:f2fa064d6e9db69421da5a003a91c662d12ff42b1807abc9fe1f96ca4a1291f5"},
    {file = "pyroaring-0.4.2-cp38-cp38-macosx_10_9_universal2.whl", hash = "sha256:66790adb67307fbe2389f4969c41a7ce44734f7b0c77c8764598dd33625f4861"},
    {file = "pyroaring-0.4.2-cp38-cp38-macosx_10_9_x86_64.whl", hash = "sha256:350eb38b6b4814c19c2da0f757d0a0edb1182947f839dc7a50050b49ecd042db"},
    {file = "pyroaring-0.4.2-cp38-cp38-macosx_11_0_arm64.whl", hash = "sha256:bcf91fce6878860dba44acaedfd964f3112751aacf3addd160891eb6d77e2a71"},
    {file = "pyroaring-0.4.2-cp38-cp38-manylinux_2_17_aarch64.manylinux2014_aarch64.whl", hash = "sha256:27fa4a0c2c2958f1b518da7ba0fb0ccc204983efe524c8cd21e54159cc78d88c"},
    {file = "pyroaring-0.4.2-cp38-cp38-manylinux_2_17_x86_64.manylinux2014_x86_64.whl", hash = "sha256:1babdf3f71ef1f016908d9904e24f1b9ddc5b7a343629c130f228d301874cb34"},
    {file = "pyroaring-0.4.2-cp38-cp38-musllinux_1_1_aarch64.whl", hash = "sha256:84fe190675a0528797ef268849efb5798b5fc86b5eb770ba301716b45ce2a167"},
    {file = "pyroaring-0.4.2-cp38-cp38-musllinux_1_1_x86_64.whl", hash = "sha256:0ae598d1925ac0ac2842012ae9386441d387e243c89720c20d259fe7db19b7fd"},
    {file = "pyroaring-0.4.2-cp38-cp38-win_amd64.whl", hash = "sha256:5391fc3735f969d140802367878bd5ba950c6fa8e4f2f0c232b7ef5293434459"},
    {file = "pyroaring-0.4.2-cp39-cp39-macosx_10_9_universal2.whl", hash = "sha256:50fe7283859ce5f8b6d24fb604fe3fcecb3af4b7e1f92e26a42daf7b9eef8862"},
    {file = "pyroaring-0.4.2-cp39-cp39-macosx_10_9_x86_64.whl", hash = "sha256:be9719acb174a1adc4dd759c6372199ceed6e0c54154ced2cf522341b22bc6a5"},
    {file = "pyroaring-0.4.2-cp39-cp39-macosx_11_0_arm64.whl", hash = "sha256:eb8af8c9a88206d5eb16c67f309fd0732f6a2d468184287ccadf9cd0f6ca2ff5"},
    {file = "pyroaring-0.4.2-cp39-cp39-manylinux_2_17_aarch64.manylinux2014_aarch64.whl", hash = "sha256:5d6ca4cd14626cc640b7ef9d7321feb2a450e6ca36fc098e624c2b4f8a7e0da2"},
    {file = "pyroaring-0.4.2-cp39-cp39-manylinux_2_17_x86_64.manylinux2014_x86_64.whl", hash = "sha256:84bd92c8dbe2133e395dbeac2d83f8a975e680a4226975c97c8e056c961e8756"},
    {file = "pyroaring-0.4.2-cp39-cp39-musllinux_1_1_aarch64.whl", hash = "sha256:f88f23a3cf4e2bec493cc8186a0832b0d22c3748311d3ff23d788bb736b3b9e4"},
    {file = "pyroaring-0.4.2-cp39-cp39-musllinux_1_1_x86_64.whl", hash = "sha256:e5242e7d6da447a339264f466c8e54381bd33c438fae40bf1692c1b21f0892f7"},
    {file = "pyroaring-0.4.2-cp39-cp39-win_amd64.whl", hash = "sha256:7247157720228c5629d660c06f26baeacbe942f8a0babfbb0d181ab5b5c7f875"},
    {file = "pyroaring-0.4.2-cp39-cp39-win_arm64.whl", hash = "sha256:bfb02f2c4027d377f63c5027304c8622c805a8bd4d4fcbe156a191866abbad98"},
    {file = "pyroaring-0.4.2.tar.gz", hash = "sha256:1413ab1db044032eac11ed7e9b52e93ebc26f637b299f8047ee46b03c2d828b2"},
]

[[package]]
name = "tomli"
version = "2.0.1"
description = "A lil' TOML parser"
optional = false
python-versions = ">=3.7"
files = [
    {file = "tomli-2.0.1-py3-none-any.whl", hash = "sha256:939de3e7a6161af0c887ef91b7d41a53e7c5a1ca976325f429cb46ea9bc30ecc"},
    {file = "tomli-2.0.1.tar.gz", hash = "sha256:de526c12914f0c550d15924c62d72abc48d6fe7364aa87328337a31007fe8a4f"},
]

[metadata]
lock-version = "2.0"
python-versions = "^3.10"
content-hash = "35152f13bc8443392d9fa3c0b2f9d32f58b7b7b7591f0f3c0308e0f240f0bc61"
